// !$*UTF8*$!
{
	archiveVersion = 1;
	classes = {
	};
	objectVersion = 77;
	objects = {

/* Begin PBXBuildFile section */
		987D13E22FD9A9CA0079A1BA /* LocalEventExplorerDataModel.xcdatamodeld in Sources */ = {isa = PBXBuildFile; fileRef = 987D13E02FD9A9CA0079A1BA /* LocalEventExplorerDataModel.xcdatamodeld */; };
/* End PBXBuildFile section */

/* Begin PBXContainerItemProxy section */
		987D13C02FD9A3D50079A1BA /* PBXContainerItemProxy */ = {
			isa = PBXContainerItemProxy;
			containerPortal = 987D13AA2FD9A3D10079A1BA /* Project object */;
			proxyType = 1;
			remoteGlobalIDString = 987D13B12FD9A3D10079A1BA;
			remoteInfo = LocalEventsExplorer;
		};
		987D13CA2FD9A3D50079A1BA /* PBXContainerItemProxy */ = {
			isa = PBXContainerItemProxy;
			containerPortal = 987D13AA2FD9A3D10079A1BA /* Project object */;
			proxyType = 1;
			remoteGlobalIDString = 987D13B12FD9A3D10079A1BA;
			remoteInfo = LocalEventsExplorer;
		};
/* End PBXContainerItemProxy section */

/* Begin PBXFileReference section */
		987D13B22FD9A3D10079A1BA /* LocalEventsExplorer.app */ = {isa = PBXFileReference; explicitFileType = wrapper.application; includeInIndex = 0; path = LocalEventsExplorer.app; sourceTree = BUILT_PRODUCTS_DIR; };
		987D13BF2FD9A3D50079A1BA /* LocalEventsExplorerTests.xctest */ = {isa = PBXFileReference; explicitFileType = wrapper.cfbundle; includeInIndex = 0; path = LocalEventsExplorerTests.xctest; sourceTree = BUILT_PRODUCTS_DIR; };
		987D13C92FD9A3D50079A1BA /* LocalEventsExplorerUITests.xctest */ = {isa = PBXFileReference; explicitFileType = wrapper.cfbundle; includeInIndex = 0; path = LocalEventsExplorerUITests.xctest; sourceTree = BUILT_PRODUCTS_DIR; };
		987D13E12FD9A9CA0079A1BA /* LocalEventExplorerDataModel.xcdatamodel */ = {isa = PBXFileReference; lastKnownFileType = wrapper.xcdatamodel; path = LocalEventExplorerDataModel.xcdatamodel; sourceTree = "<group>"; };
/* End PBXFileReference section */

/* Begin PBXFileSystemSynchronizedRootGroup section */
		987D13B42FD9A3D10079A1BA /* LocalEventsExplorer */ = {
			isa = PBXFileSystemSynchronizedRootGroup;
			path = LocalEventsExplorer;
			sourceTree = "<group>";
		};
		987D13C22FD9A3D50079A1BA /* LocalEventsExplorerTests */ = {
			isa = PBXFileSystemSynchronizedRootGroup;
			path = LocalEventsExplorerTests;
			sourceTree = "<group>";
		};
		987D13CC2FD9A3D50079A1BA /* LocalEventsExplorerUITests */ = {
			isa = PBXFileSystemSynchronizedRootGroup;
			path = LocalEventsExplorerUITests;
			sourceTree = "<group>";
		};
/* End PBXFileSystemSynchronizedRootGroup section */

/* Begin PBXFrameworksBuildPhase section */
		987D13AF2FD9A3D10079A1BA /* Frameworks */ = {
			isa = PBXFrameworksBuildPhase;
			buildActionMask = 2147483647;
			files = (
			);
			runOnlyForDeploymentPostprocessing = 0;
		};
		987D13BC2FD9A3D50079A1BA /* Frameworks */ = {
			isa = PBXFrameworksBuildPhase;
			buildActionMask = 2147483647;
			files = (
			);
			runOnlyForDeploymentPostprocessing = 0;
		};
		987D13C62FD9A3D50079A1BA /* Frameworks */ = {
			isa = PBXFrameworksBuildPhase;
			buildActionMask = 2147483647;
			files = (
			);
			runOnlyForDeploymentPostprocessing = 0;
		};
/* End PBXFrameworksBuildPhase section */

/* Begin PBXGroup section */
		987D13A92FD9A3D10079A1BA = {
			isa = PBXGroup;
			children = (
				987D13E02FD9A9CA0079A1BA /* LocalEventExplorerDataModel.xcdatamodeld */,
				987D13B42FD9A3D10079A1BA /* LocalEventsExplorer */,
				987D13C22FD9A3D50079A1BA /* LocalEventsExplorerTests */,
				987D13CC2FD9A3D50079A1BA /* LocalEventsExplorerUITests */,
				987D13B32FD9A3D10079A1BA /* Products */,
			);
			sourceTree = "<group>";
		};
		987D13B32FD9A3D10079A1BA /* Products */ = {
			isa = PBXGroup;
			children = (
				987D13B22FD9A3D10079A1BA /* LocalEventsExplorer.app */,
				987D13BF2FD9A3D50079A1BA /* LocalEventsExplorerTests.xctest */,
				987D13C92FD9A3D50079A1BA /* LocalEventsExplorerUITests.xctest */,
			);
			name = Products;
			sourceTree = "<group>";
		};
/* End PBXGroup section */

/* Begin PBXNativeTarget section */
		987D13B12FD9A3D10079A1BA /* LocalEventsExplorer */ = {
			isa = PBXNativeTarget;
			buildConfigurationList = 987D13D32FD9A3D50079A1BA /* Build configuration list for PBXNativeTarget "LocalEventsExplorer" */;
			buildPhases = (
				987D13AE2FD9A3D10079A1BA /* Sources */,
				987D13AF2FD9A3D10079A1BA /* Frameworks */,
				987D13B02FD9A3D10079A1BA /* Resources */,
			);
			buildRules = (
			);
			dependencies = (
			);
			fileSystemSynchronizedGroups = (
				987D13B42FD9A3D10079A1BA /* LocalEventsExplorer */,
			);
			name = LocalEventsExplorer;
			packageProductDependencies = (
			);
			productName = LocalEventsExplorer;
			productReference = 987D13B22FD9A3D10079A1BA /* LocalEventsExplorer.app */;
			productType = "com.apple.product-type.application";
		};
		987D13BE2FD9A3D50079A1BA /* LocalEventsExplorerTests */ = {
			isa = PBXNativeTarget;
			buildConfigurationList = 987D13D62FD9A3D50079A1BA /* Build configuration list for PBXNativeTarget "LocalEventsExplorerTests" */;
			buildPhases = (
				987D13BB2FD9A3D50079A1BA /* Sources */,
				987D13BC2FD9A3D50079A1BA /* Frameworks */,
				987D13BD2FD9A3D50079A1BA /* Resources */,
			);
			buildRules = (
			);
			dependencies = (
				987D13C12FD9A3D50079A1BA /* PBXTargetDependency */,
			);
			fileSystemSynchronizedGroups = (
				987D13C22FD9A3D50079A1BA /* LocalEventsExplorerTests */,
			);
			name = LocalEventsExplorerTests;
			packageProductDependencies = (
			);
			productName = LocalEventsExplorerTests;
			productReference = 987D13BF2FD9A3D50079A1BA /* LocalEventsExplorerTests.xctest */;
			productType = "com.apple.product-type.bundle.unit-test";
		};
		987D13C82FD9A3D50079A1BA /* LocalEventsExplorerUITests */ = {
			isa = PBXNativeTarget;
			buildConfigurationList = 987D13D92FD9A3D50079A1BA /* Build configuration list for PBXNativeTarget "LocalEventsExplorerUITests" */;
			buildPhases = (
				987D13C52FD9A3D50079A1BA /* Sources */,
				987D13C62FD9A3D50079A1BA /* Frameworks */,
				987D13C72FD9A3D50079A1BA /* Resources */,
			);
			buildRules = (
			);
			dependencies = (
				987D13CB2FD9A3D50079A1BA /* PBXTargetDependency */,
			);
			fileSystemSynchronizedGroups = (
				987D13CC2FD9A3D50079A1BA /* LocalEventsExplorerUITests */,
			);
			name = LocalEventsExplorerUITests;
			packageProductDependencies = (
			);
			productName = LocalEventsExplorerUITests;
			productReference = 987D13C92FD9A3D50079A1BA /* LocalEventsExplorerUITests.xctest */;
			productType = "com.apple.product-type.bundle.ui-testing";
		};
/* End PBXNativeTarget section */

/* Begin PBXProject section */
		987D13AA2FD9A3D10079A1BA /* Project object */ = {
			isa = PBXProject;
			attributes = {
				BuildIndependentTargetsInParallel = 1;
				LastSwiftUpdateCheck = 2630;
				LastUpgradeCheck = 2630;
				TargetAttributes = {
					987D13B12FD9A3D10079A1BA = {
						CreatedOnToolsVersion = 26.3;
					};
					987D13BE2FD9A3D50079A1BA = {
						CreatedOnToolsVersion = 26.3;
						TestTargetID = 987D13B12FD9A3D10079A1BA;
					};
					987D13C82FD9A3D50079A1BA = {
						CreatedOnToolsVersion = 26.3;
						TestTargetID = 987D13B12FD9A3D10079A1BA;
					};
				};
			};
			buildConfigurationList = 987D13AD2FD9A3D10079A1BA /* Build configuration list for PBXProject "LocalEventsExplorer" */;
			developmentRegion = en;
			hasScannedForEncodings = 0;
			knownRegions = (
				en,
				Base,
			);
			mainGroup = 987D13A92FD9A3D10079A1BA;
			minimizedProjectReferenceProxies = 1;
			preferredProjectObjectVersion = 77;
			productRefGroup = 987D13B32FD9A3D10079A1BA /* Products */;
			projectDirPath = "";
			projectRoot = "";
			targets = (
				987D13B12FD9A3D10079A1BA /* LocalEventsExplorer */,
				987D13BE2FD9A3D50079A1BA /* LocalEventsExplorerTests */,
				987D13C82FD9A3D50079A1BA /* LocalEventsExplorerUITests */,
			);
		};
/* End PBXProject section */

/* Begin PBXResourcesBuildPhase section */
		987D13B02FD9A3D10079A1BA /* Resources */ = {
			isa = PBXResourcesBuildPhase;
			buildActionMask = 2147483647;
			files = (
			);
			runOnlyForDeploymentPostprocessing = 0;
		};
		987D13BD2FD9A3D50079A1BA /* Resources */ = {
			isa = PBXResourcesBuildPhase;
			buildActionMask = 2147483647;
			files = (
			);
			runOnlyForDeploymentPostprocessing = 0;
		};
		987D13C72FD9A3D50079A1BA /* Resources */ = {
			isa = PBXResourcesBuildPhase;
			buildActionMask = 2147483647;
			files = (
			);
			runOnlyForDeploymentPostprocessing = 0;
		};
/* End PBXResourcesBuildPhase section */

/* Begin PBXSourcesBuildPhase section */
		987D13AE2FD9A3D10079A1BA /* Sources */ = {
			isa = PBXSourcesBuildPhase;
			buildActionMask = 2147483647;
			files = (
				987D13E22FD9A9CA0079A1BA /* LocalEventExplorerDataModel.xcdatamodeld in Sources */,
			);
			runOnlyForDeploymentPostprocessing = 0;
		};
		987D13BB2FD9A3D50079A1BA /* Sources */ = {
			isa = PBXSourcesBuildPhase;
			buildActionMask = 2147483647;
			files = (
			);
			runOnlyForDeploymentPostprocessing = 0;
		};
		987D13C52FD9A3D50079A1BA /* Sources */ = {
			isa = PBXSourcesBuildPhase;
			buildActionMask = 2147483647;
			files = (
			);
			runOnlyForDeploymentPostprocessing = 0;
		};
/* End PBXSourcesBuildPhase section */

/* Begin PBXTargetDependency section */
		987D13C12FD9A3D50079A1BA /* PBXTargetDependency */ = {
			isa = PBXTargetDependency;
			target = 987D13B12FD9A3D10079A1BA /* LocalEventsExplorer */;
			targetProxy = 987D13C02FD9A3D50079A1BA /* PBXContainerItemProxy */;
		};
		987D13CB2FD9A3D50079A1BA /* PBXTargetDependency */ = {
			isa = PBXTargetDependency;
			target = 987D13B12FD9A3D10079A1BA /* LocalEventsExplorer */;
			targetProxy = 987D13CA2FD9A3D50079A1BA /* PBXContainerItemProxy */;
		};
/* End PBXTargetDependency section */

/* Begin XCBuildConfiguration section */
		987D13D12FD9A3D50079A1BA /* Debug */ = {
			isa = XCBuildConfiguration;
			buildSettings = {
				ALWAYS_SEARCH_USER_PATHS = NO;
				ASSETCATALOG_COMPILER_GENERATE_SWIFT_ASSET_SYMBOL_EXTENSIONS = YES;
				CLANG_ANALYZER_NONNULL = YES;
				CLANG_ANALYZER_NUMBER_OBJECT_CONVERSION = YES_AGGRESSIVE;
				CLANG_CXX_LANGUAGE_STANDARD = "gnu++20";
				CLANG_ENABLE_MODULES = YES;
				CLANG_ENABLE_OBJC_ARC = YES;
				CLANG_ENABLE_OBJC_WEAK = YES;
				CLANG_WARN_BLOCK_CAPTURE_AUTORELEASING = YES;
				CLANG_WARN_BOOL_CONVERSION = YES;
				CLANG_WARN_COMMA = YES;
				CLANG_WARN_CONSTANT_CONVERSION = YES;
				CLANG_WARN_DEPRECATED_OBJC_IMPLEMENTATIONS = YES;
				CLANG_WARN_DIRECT_OBJC_ISA_USAGE = YES_ERROR;
				CLANG_WARN_DOCUMENTATION_COMMENTS = YES;
				CLANG_WARN_EMPTY_BODY = YES;
				CLANG_WARN_ENUM_CONVERSION = YES;
				CLANG_WARN_INFINITE_RECURSION = YES;
				CLANG_WARN_INT_CONVERSION = YES;
				CLANG_WARN_NON_LITERAL_NULL_CONVERSION = YES;
				CLANG_WARN_OBJC_IMPLICIT_RETAIN_SELF = YES;
				CLANG_WARN_OBJC_LITERAL_CONVERSION = YES;
				CLANG_WARN_OBJC_ROOT_CLASS = YES_ERROR;
				CLANG_WARN_QUOTED_INCLUDE_IN_FRAMEWORK_HEADER = YES;
				CLANG_WARN_RANGE_LOOP_ANALYSIS = YES;
				CLANG_WARN_STRICT_PROTOTYPES = YES;
				CLANG_WARN_SUSPICIOUS_MOVE = YES;
				CLANG_WARN_UNGUARDED_AVAILABILITY = YES_AGGRESSIVE;
				CLANG_WARN_UNREACHABLE_CODE = YES;
				CLANG_WARN__DUPLICATE_METHOD_MATCH = YES;
				COPY_PHASE_STRIP = NO;
				DEBUG_INFORMATION_FORMAT = dwarf;
				DEVELOPMENT_TEAM = LWJU8H8RGC;
				ENABLE_STRICT_OBJC_MSGSEND = YES;
				ENABLE_TESTABILITY = YES;
				ENABLE_USER_SCRIPT_SANDBOXING = YES;
				GCC_C_LANGUAGE_STANDARD = gnu17;
				GCC_DYNAMIC_NO_PIC = NO;
				GCC_NO_COMMON_BLOCKS = YES;
				GCC_OPTIMIZATION_LEVEL = 0;
				GCC_PREPROCESSOR_DEFINITIONS = (
					"DEBUG=1",
					"$(inherited)",
				);
				GCC_WARN_64_TO_32_BIT_CONVERSION = YES;
				GCC_WARN_ABOUT_RETURN_TYPE = YES_ERROR;
				GCC_WARN_UNDECLARED_SELECTOR = YES;
				GCC_WARN_UNINITIALIZED_AUTOS = YES_AGGRESSIVE;
				GCC_WARN_UNUSED_FUNCTION = YES;
				GCC_WARN_UNUSED_VARIABLE = YES;
				IPHONEOS_DEPLOYMENT_TARGET = 26.2;
				LOCALIZATION_PREFERS_STRING_CATALOGS = YES;
				MTL_ENABLE_DEBUG_INFO = INCLUDE_SOURCE;
				MTL_FAST_MATH = YES;
				ONLY_ACTIVE_ARCH = YES;
				SDKROOT = iphoneos;
				SWIFT_ACTIVE_COMPILATION_CONDITIONS = "DEBUG $(inherited)";
				SWIFT_OPTIMIZATION_LEVEL = "-Onone";
			};
			name = Debug;
		};
		987D13D22FD9A3D50079A1BA /* Release */ = {
			isa = XCBuildConfiguration;
			buildSettings = {
				ALWAYS_SEARCH_USER_PATHS = NO;
				ASSETCATALOG_COMPILER_GENERATE_SWIFT_ASSET_SYMBOL_EXTENSIONS = YES;
				CLANG_ANALYZER_NONNULL = YES;
				CLANG_ANALYZER_NUMBER_OBJECT_CONVERSION = YES_AGGRESSIVE;
				CLANG_CXX_LANGUAGE_STANDARD = "gnu++20";
				CLANG_ENABLE_MODULES = YES;
				CLANG_ENABLE_OBJC_ARC = YES;
				CLANG_ENABLE_OBJC_WEAK = YES;
				CLANG_WARN_BLOCK_CAPTURE_AUTORELEASING = YES;
				CLANG_WARN_BOOL_CONVERSION = YES;
				CLANG_WARN_COMMA = YES;
				CLANG_WARN_CONSTANT_CONVERSION = YES;
				CLANG_WARN_DEPRECATED_OBJC_IMPLEMENTATIONS = YES;
				CLANG_WARN_DIRECT_OBJC_ISA_USAGE = YES_ERROR;
				CLANG_WARN_DOCUMENTATION_COMMENTS = YES;
				CLANG_WARN_EMPTY_BODY = YES;
				CLANG_WARN_ENUM_CONVERSION = YES;
				CLANG_WARN_INFINITE_RECURSION = YES;
				CLANG_WARN_INT_CONVERSION = YES;
				CLANG_WARN_NON_LITERAL_NULL_CONVERSION = YES;
				CLANG_WARN_OBJC_IMPLICIT_RETAIN_SELF = YES;
				CLANG_WARN_OBJC_LITERAL_CONVERSION = YES;
				CLANG_WARN_OBJC_ROOT_CLASS = YES_ERROR;
				CLANG_WARN_QUOTED_INCLUDE_IN_FRAMEWORK_HEADER = YES;
				CLANG_WARN_RANGE_LOOP_ANALYSIS = YES;
				CLANG_WARN_STRICT_PROTOTYPES = YES;
				CLANG_WARN_SUSPICIOUS_MOVE = YES;
				CLANG_WARN_UNGUARDED_AVAILABILITY = YES_AGGRESSIVE;
				CLANG_WARN_UNREACHABLE_CODE = YES;
				CLANG_WARN__DUPLICATE_METHOD_MATCH = YES;
				COPY_PHASE_STRIP = NO;
				DEBUG_INFORMATION_FORMAT = "dwarf-with-dsym";
				DEVELOPMENT_TEAM = LWJU8H8RGC;
				ENABLE_NS_ASSERTIONS = NO;
				ENABLE_STRICT_OBJC_MSGSEND = YES;
				ENABLE_USER_SCRIPT_SANDBOXING = YES;
				GCC_C_LANGUAGE_STANDARD = gnu17;
				GCC_NO_COMMON_BLOCKS = YES;
				GCC_WARN_64_TO_32_BIT_CONVERSION = YES;
				GCC_WARN_ABOUT_RETURN_TYPE = YES_ERROR;
				GCC_WARN_UNDECLARED_SELECTOR = YES;
				GCC_WARN_UNINITIALIZED_AUTOS = YES_AGGRESSIVE;
				GCC_WARN_UNUSED_FUNCTION = YES;
				GCC_WARN_UNUSED_VARIABLE = YES;
				IPHONEOS_DEPLOYMENT_TARGET = 26.2;
				LOCALIZATION_PREFERS_STRING_CATALOGS = YES;
				MTL_ENABLE_DEBUG_INFO = NO;
				MTL_FAST_MATH = YES;
				SDKROOT = iphoneos;
				SWIFT_COMPILATION_MODE = wholemodule;
				VALIDATE_PRODUCT = YES;
			};
			name = Release;
		};
		987D13D42FD9A3D50079A1BA /* Debug */ = {
			isa = XCBuildConfiguration;
			buildSettings = {
				ASSETCATALOG_COMPILER_APPICON_NAME = AppIcon;
				ASSETCATALOG_COMPILER_GLOBAL_ACCENT_COLOR_NAME = AccentColor;
				CODE_SIGN_STYLE = Automatic;
				CURRENT_PROJECT_VERSION = 1;
				DEVELOPMENT_TEAM = LWJU8H8RGC;
				ENABLE_PREVIEWS = YES;
				GENERATE_INFOPLIST_FILE = YES;
				INFOPLIST_KEY_NSLocationWhenInUseUsageDescription = "This app needs your location to show nearby attractions.";
				INFOPLIST_KEY_UIApplicationSceneManifest_Generation = YES;
				INFOPLIST_KEY_UIApplicationSupportsIndirectInputEvents = YES;
				INFOPLIST_KEY_UILaunchScreen_Generation = YES;
				INFOPLIST_KEY_UISupportedInterfaceOrientations_iPad = "UIInterfaceOrientationPortrait UIInterfaceOrientationPortraitUpsideDown UIInterfaceOrientationLandscapeLeft UIInterfaceOrientationLandscapeRight";
				INFOPLIST_KEY_UISupportedInterfaceOrientations_iPhone = "UIInterfaceOrientationPortrait UIInterfaceOrientationLandscapeLeft UIInterfaceOrientationLandscapeRight";
				LD_RUNPATH_SEARCH_PATHS = (
					"$(inherited)",
					"@executable_path/Frameworks",
				);
				MARKETING_VERSION = 1.0;
				PRODUCT_BUNDLE_IDENTIFIER = com.home.fireBot.LocalEventsExplorer;
				PRODUCT_NAME = "$(TARGET_NAME)";
				STRING_CATALOG_GENERATE_SYMBOLS = YES;
				SWIFT_APPROACHABLE_CONCURRENCY = YES;
				SWIFT_DEFAULT_ACTOR_ISOLATION = MainActor;
				SWIFT_EMIT_LOC_STRINGS = YES;
				SWIFT_UPCOMING_FEATURE_MEMBER_IMPORT_VISIBILITY = YES;
				SWIFT_VERSION = 5.0;
				TARGETED_DEVICE_FAMILY = "1,2";
			};
			name = Debug;
		};
		987D13D52FD9A3D50079A1BA /* Release */ = {
			isa = XCBuildConfiguration;
			buildSettings = {
				ASSETCATALOG_COMPILER_APPICON_NAME = AppIcon;
				ASSETCATALOG_COMPILER_GLOBAL_ACCENT_COLOR_NAME = AccentColor;
				CODE_SIGN_STYLE = Automatic;
				CURRENT_PROJECT_VERSION = 1;
				DEVELOPMENT_TEAM = LWJU8H8RGC;
				ENABLE_PREVIEWS = YES;
				GENERATE_INFOPLIST_FILE = YES;
				INFOPLIST_KEY_NSLocationWhenInUseUsageDescription = "This app needs your location to show nearby attractions.";
				INFOPLIST_KEY_UIApplicationSceneManifest_Generation = YES;
				INFOPLIST_KEY_UIApplicationSupportsIndirectInputEvents = YES;
				INFOPLIST_KEY_UILaunchScreen_Generation = YES;
				INFOPLIST_KEY_UISupportedInterfaceOrientations_iPad = "UIInterfaceOrientationPortrait UIInterfaceOrientationPortraitUpsideDown UIInterfaceOrientationLandscapeLeft UIInterfaceOrientationLandscapeRight";
				INFOPLIST_KEY_UISupportedInterfaceOrientations_iPhone = "UIInterfaceOrientationPortrait UIInterfaceOrientationLandscapeLeft UIInterfaceOrientationLandscapeRight";
				LD_RUNPATH_SEARCH_PATHS = (
					"$(inherited)",
					"@executable_path/Frameworks",
				);
				MARKETING_VERSION = 1.0;
				PRODUCT_BUNDLE_IDENTIFIER = com.home.fireBot.LocalEventsExplorer;
				PRODUCT_NAME = "$(TARGET_NAME)";
				STRING_CATALOG_GENERATE_SYMBOLS = YES;
				SWIFT_APPROACHABLE_CONCURRENCY = YES;
				SWIFT_DEFAULT_ACTOR_ISOLATION = MainActor;
				SWIFT_EMIT_LOC_STRINGS = YES;
				SWIFT_UPCOMING_FEATURE_MEMBER_IMPORT_VISIBILITY = YES;
				SWIFT_VERSION = 5.0;
				TARGETED_DEVICE_FAMILY = "1,2";
			};
			name = Release;
		};
		987D13D72FD9A3D50079A1BA /* Debug */ = {
			isa = XCBuildConfiguration;
			buildSettings = {
				BUNDLE_LOADER = "$(TEST_HOST)";
				CODE_SIGN_STYLE = Automatic;
				CURRENT_PROJECT_VERSION = 1;
				DEVELOPMENT_TEAM = LWJU8H8RGC;
				GENERATE_INFOPLIST_FILE = YES;
				IPHONEOS_DEPLOYMENT_TARGET = 26.2;
				MARKETING_VERSION = 1.0;
				PRODUCT_BUNDLE_IDENTIFIER = com.home.fireBot.LocalEventsExplorerTests;
				PRODUCT_NAME = "$(TARGET_NAME)";
				STRING_CATALOG_GENERATE_SYMBOLS = NO;
				SWIFT_APPROACHABLE_CONCURRENCY = YES;
				SWIFT_EMIT_LOC_STRINGS = NO;
				SWIFT_UPCOMING_FEATURE_MEMBER_IMPORT_VISIBILITY = YES;
				SWIFT_VERSION = 5.0;
				TARGETED_DEVICE_FAMILY = "1,2";
				TEST_HOST = "$(BUILT_PRODUCTS_DIR)/LocalEventsExplorer.app/$(BUNDLE_EXECUTABLE_FOLDER_PATH)/LocalEventsExplorer";
			};
			name = Debug;
		};
		987D13D82FD9A3D50079A1BA /* Release */ = {
			isa = XCBuildConfiguration;
			buildSettings = {
				BUNDLE_LOADER = "$(TEST_HOST)";
				CODE_SIGN_STYLE = Automatic;
				CURRENT_PROJECT_VERSION = 1;
				DEVELOPMENT_TEAM = LWJU8H8RGC;
				GENERATE_INFOPLIST_FILE = YES;
				IPHONEOS_DEPLOYMENT_TARGET = 26.2;
				MARKETING_VERSION = 1.0;
				PRODUCT_BUNDLE_IDENTIFIER = com.home.fireBot.LocalEventsExplorerTests;
				PRODUCT_NAME = "$(TARGET_NAME)";
				STRING_CATALOG_GENERATE_SYMBOLS = NO;
				SWIFT_APPROACHABLE_CONCURRENCY = YES;
				SWIFT_EMIT_LOC_STRINGS = NO;
				SWIFT_UPCOMING_FEATURE_MEMBER_IMPORT_VISIBILITY = YES;
				SWIFT_VERSION = 5.0;
				TARGETED_DEVICE_FAMILY = "1,2";
				TEST_HOST = "$(BUILT_PRODUCTS_DIR)/LocalEventsExplorer.app/$(BUNDLE_EXECUTABLE_FOLDER_PATH)/LocalEventsExplorer";
			};
			name = Release;
		};
		987D13DA2FD9A3D50079A1BA /* Debug */ = {
			isa = XCBuildConfiguration;
			buildSettings = {
				CODE_SIGN_STYLE = Automatic;
				CURRENT_PROJECT_VERSION = 1;
				DEVELOPMENT_TEAM = LWJU8H8RGC;
				GENERATE_INFOPLIST_FILE = YES;
				MARKETING_VERSION = 1.0;
				PRODUCT_BUNDLE_IDENTIFIER = com.home.fireBot.LocalEventsExplorerUITests;
				PRODUCT_NAME = "$(TARGET_NAME)";
				STRING_CATALOG_GENERATE_SYMBOLS = NO;
				SWIFT_APPROACHABLE_CONCURRENCY = YES;
				SWIFT_EMIT_LOC_STRINGS = NO;
				SWIFT_UPCOMING_FEATURE_MEMBER_IMPORT_VISIBILITY = YES;
				SWIFT_VERSION = 5.0;
				TARGETED_DEVICE_FAMILY = "1,2";
				TEST_TARGET_NAME = LocalEventsExplorer;
			};
			name = Debug;
		};
		987D13DB2FD9A3D50079A1BA /* Release */ = {
			isa = XCBuildConfiguration;
			buildSettings = {
				CODE_SIGN_STYLE = Automatic;
				CURRENT_PROJECT_VERSION = 1;
				DEVELOPMENT_TEAM = LWJU8H8RGC;
				GENERATE_INFOPLIST_FILE = YES;
				MARKETING_VERSION = 1.0;
				PRODUCT_BUNDLE_IDENTIFIER = com.home.fireBot.LocalEventsExplorerUITests;
				PRODUCT_NAME = "$(TARGET_NAME)";
				STRING_CATALOG_GENERATE_SYMBOLS = NO;
				SWIFT_APPROACHABLE_CONCURRENCY = YES;
				SWIFT_EMIT_LOC_STRINGS = NO;
				SWIFT_UPCOMING_FEATURE_MEMBER_IMPORT_VISIBILITY = YES;
				SWIFT_VERSION = 5.0;
				TARGETED_DEVICE_FAMILY = "1,2";
				TEST_TARGET_NAME = LocalEventsExplorer;
			};
			name = Release;
		};
/* End XCBuildConfiguration section */

/* Begin XCConfigurationList section */
		987D13AD2FD9A3D10079A1BA /* Build configuration list for PBXProject "LocalEventsExplorer" */ = {
			isa = XCConfigurationList;
			buildConfigurations = (
				987D13D12FD9A3D50079A1BA /* Debug */,
				987D13D22FD9A3D50079A1BA /* Release */,
			);
			defaultConfigurationIsVisible = 0;
			defaultConfigurationName = Release;
		};
		987D13D32FD9A3D50079A1BA /* Build configuration list for PBXNativeTarget "LocalEventsExplorer" */ = {
			isa = XCConfigurationList;
			buildConfigurations = (
				987D13D42FD9A3D50079A1BA /* Debug */,
				987D13D52FD9A3D50079A1BA /* Release */,
			);
			defaultConfigurationIsVisible = 0;
			defaultConfigurationName = Release;
		};
		987D13D62FD9A3D50079A1BA /* Build configuration list for PBXNativeTarget "LocalEventsExplorerTests" */ = {
			isa = XCConfigurationList;
			buildConfigurations = (
				987D13D72FD9A3D50079A1BA /* Debug */,
				987D13D82FD9A3D50079A1BA /* Release */,
			);
			defaultConfigurationIsVisible = 0;
			defaultConfigurationName = Release;
		};
		987D13D92FD9A3D50079A1BA /* Build configuration list for PBXNativeTarget "LocalEventsExplorerUITests" */ = {
			isa = XCConfigurationList;
			buildConfigurations = (
				987D13DA2FD9A3D50079A1BA /* Debug */,
				987D13DB2FD9A3D50079A1BA /* Release */,
			);
			defaultConfigurationIsVisible = 0;
			defaultConfigurationName = Release;
		};
/* End XCConfigurationList section */

/* Begin XCVersionGroup section */
		987D13E02FD9A9CA0079A1BA /* LocalEventExplorerDataModel.xcdatamodeld */ = {
			isa = XCVersionGroup;
			children = (
				987D13E12FD9A9CA0079A1BA /* LocalEventExplorerDataModel.xcdatamodel */,
			);
			currentVersion = 987D13E12FD9A9CA0079A1BA /* LocalEventExplorerDataModel.xcdatamodel */;
			path = LocalEventExplorerDataModel.xcdatamodeld;
			sourceTree = "<group>";
			versionGroupType = wrapper.xcdatamodel;
		};
/* End XCVersionGroup section */
	};
	rootObject = 987D13AA2FD9A3D10079A1BA /* Project object */;
}
